
Microsoft Visual Studio Solution File, Format Version 12.00
# Visual Studio Version 17
VisualStudioVersion = 17.9.34321.82
MinimumVisualStudioVersion = 10.0.40219.1
Project("{FAE04EC0-301F-11D3-BF4B-00C04F79EFBC}") = "EmprestimoLivros", "EmprestimoLivros\EmprestimoLivros.csproj", "{DA8C2694-6903-4F45-8683-B56537A16E84}"
EndProject
Global
	GlobalSection(SolutionConfigurationPlatforms) = preSolution
		Debug|Any CPU = Debug|Any CPU
		Release|Any CPU = Release|Any CPU
	EndGlobalSection
	GlobalSection(ProjectConfigurationPlatforms) = postSolution
		{DA8C2694-6903-4F45-8683-B56537A16E84}.Debug|Any CPU.ActiveCfg = Debug|Any CPU
		{DA8C2694-6903-4F45-8683-B56537A16E84}.Debug|Any CPU.Build.0 = Debug|Any CPU
		{DA8C2694-6903-4F45-8683-B56537A16E84}.Release|Any CPU.ActiveCfg = Release|Any CPU
		{DA8C2694-6903-4F45-8683-B56537A16E84}.Release|Any CPU.Build.0 = Release|Any CPU
	EndGlobalSection
	GlobalSection(SolutionProperties) = preSolution
		HideSolutionNode = FALSE
	EndGlobalSection
	GlobalSection(ExtensibilityGlobals) = postSolution
		SolutionGuid = {5881848C-52D7-4582-ABDB-E3ABAE41E776}
	EndGlobalSection
EndGlobal
